Microsoft Visual Studio Solution File, Format Version 7.00
Project("{8BC9CEB8-8B4A-11D0-8D11-00A0C91BC942}") = "ngrep", "ngrep.vcproj", "{CC0C01CE-0AC3-4F93-9DC8-792862344DBA}"
EndProject
Global
	GlobalSection(SolutionConfiguration) = preSolution
		ConfigName.0 = Debug
		ConfigName.1 = Release
	EndGlobalSection
	GlobalSection(ProjectDependencies) = postSolution
	EndGlobalSection
	GlobalSection(ProjectConfiguration) = postSolution
		{CC0C01CE-0AC3-4F93-9DC8-792862344DBA}.Debug.ActiveCfg = Debug|Win32
		{CC0C01CE-0AC3-4F93-9DC8-792862344DBA}.Debug.Build.0 = Debug|Win32
		{CC0C01CE-0AC3-4F93-9DC8-792862344DBA}.Release.ActiveCfg = Release|Win32
		{CC0C01CE-0AC3-4F93-9DC8-792862344DBA}.Release.Build.0 = Release|Win32
	EndGlobalSection
	GlobalSection(ExtensibilityGlobals) = postSolution
	EndGlobalSection
	GlobalSection(ExtensibilityAddIns) = postSolution
	EndGlobalSection
EndGlobal
